
Microsoft Visual Studio Solution File, Format Version 12.00
# Visual Studio Version 17
VisualStudioVersion = 17.12.35527.113
MinimumVisualStudioVersion = 10.0.40219.1
Project("{FAE04EC0-301F-11D3-BF4B-00C04F79EFBC}") = "Task1", "Task1\Task1.csproj", "{E726F163-21AE-4929-B4D4-4055D4DDA90A}"
EndProject
Project("{FAE04EC0-301F-11D3-BF4B-00C04F79EFBC}") = "Task2", "Task2\Task2.csproj", "{2F0AFEB8-0930-44AD-B7BB-6EC6561E48DB}"
EndProject
Project("{FAE04EC0-301F-11D3-BF4B-00C04F79EFBC}") = "Task3", "Task3\Task3.csproj", "{E877096C-2145-4FFE-840B-4A7D14E3913E}"
EndProject
Project("{FAE04EC0-301F-11D3-BF4B-00C04F79EFBC}") = "Task4", "Task4\Task4.csproj", "{F4DF67A4-0CFE-48FC-A95F-A49A974C37AB}"
EndProject
Project("{FAE04EC0-301F-11D3-BF4B-00C04F79EFBC}") = "Task5", "Task5\Task5.csproj", "{BF3D1237-8621-4331-B54E-8FEAC5053923}"
EndProject
Project("{FAE04EC0-301F-11D3-BF4B-00C04F79EFBC}") = "Practical1Test", "Practical1Test\Practical1Test.csproj", "{60B1DC74-6093-4BF6-B1FD-2B7510C61FEA}"
EndProject
Global
	GlobalSection(SolutionConfigurationPlatforms) = preSolution
		Debug|Any CPU = Debug|Any CPU
		Release|Any CPU = Release|Any CPU
	EndGlobalSection
	GlobalSection(ProjectConfigurationPlatforms) = postSolution
		{E726F163-21AE-4929-B4D4-4055D4DDA90A}.Debug|Any CPU.ActiveCfg = Debug|Any CPU
		{E726F163-21AE-4929-B4D4-4055D4DDA90A}.Debug|Any CPU.Build.0 = Debug|Any CPU
		{E726F163-21AE-4929-B4D4-4055D4DDA90A}.Release|Any CPU.ActiveCfg = Release|Any CPU
		{E726F163-21AE-4929-B4D4-4055D4DDA90A}.Release|Any CPU.Build.0 = Release|Any CPU
		{2F0AFEB8-0930-44AD-B7BB-6EC6561E48DB}.Debug|Any CPU.ActiveCfg = Debug|Any CPU
		{2F0AFEB8-0930-44AD-B7BB-6EC6561E48DB}.Debug|Any CPU.Build.0 = Debug|Any CPU
		{2F0AFEB8-0930-44AD-B7BB-6EC6561E48DB}.Release|Any CPU.ActiveCfg = Release|Any CPU
		{2F0AFEB8-0930-44AD-B7BB-6EC6561E48DB}.Release|Any CPU.Build.0 = Release|Any CPU
		{E877096C-2145-4FFE-840B-4A7D14E3913E}.Debug|Any CPU.ActiveCfg = Debug|Any CPU
		{E877096C-2145-4FFE-840B-4A7D14E3913E}.Debug|Any CPU.Build.0 = Debug|Any CPU
		{E877096C-2145-4FFE-840B-4A7D14E3913E}.Release|Any CPU.ActiveCfg = Release|Any CPU
		{E877096C-2145-4FFE-840B-4A7D14E3913E}.Release|Any CPU.Build.0 = Release|Any CPU
		{F4DF67A4-0CFE-48FC-A95F-A49A974C37AB}.Debug|Any CPU.ActiveCfg = Debug|Any CPU
		{F4DF67A4-0CFE-48FC-A95F-A49A974C37AB}.Debug|Any CPU.Build.0 = Debug|Any CPU
		{F4DF67A4-0CFE-48FC-A95F-A49A974C37AB}.Release|Any CPU.ActiveCfg = Release|Any CPU
		{F4DF67A4-0CFE-48FC-A95F-A49A974C37AB}.Release|Any CPU.Build.0 = Release|Any CPU
		{BF3D1237-8621-4331-B54E-8FEAC5053923}.Debug|Any CPU.ActiveCfg = Debug|Any CPU
		{BF3D1237-8621-4331-B54E-8FEAC5053923}.Debug|Any CPU.Build.0 = Debug|Any CPU
		{BF3D1237-8621-4331-B54E-8FEAC5053923}.Release|Any CPU.ActiveCfg = Release|Any CPU
		{BF3D1237-8621-4331-B54E-8FEAC5053923}.Release|Any CPU.Build.0 = Release|Any CPU
		{60B1DC74-6093-4BF6-B1FD-2B7510C61FEA}.Debug|Any CPU.ActiveCfg = Debug|Any CPU
		{60B1DC74-6093-4BF6-B1FD-2B7510C61FEA}.Debug|Any CPU.Build.0 = Debug|Any CPU
		{60B1DC74-6093-4BF6-B1FD-2B7510C61FEA}.Release|Any CPU.ActiveCfg = Release|Any CPU
		{60B1DC74-6093-4BF6-B1FD-2B7510C61FEA}.Release|Any CPU.Build.0 = Release|Any CPU
	EndGlobalSection
	GlobalSection(SolutionProperties) = preSolution
		HideSolutionNode = FALSE
	EndGlobalSection
	GlobalSection(ExtensibilityGlobals) = postSolution
		SolutionGuid = {9B162027-981F-4207-8CC9-31B07CD6CF4F}
	EndGlobalSection
EndGlobal
