
Microsoft Visual Studio Solution File, Format Version 12.00
# Visual Studio Version 17
VisualStudioVersion = 17.11.35303.130
MinimumVisualStudioVersion = 10.0.40219.1
Project("{FAE04EC0-301F-11D3-BF4B-00C04F79EFBC}") = "SmartHomeSystem", "SmartHomeSystem\SmartHomeSystem.csproj", "{B2A76448-DFC0-4E6C-95AA-F93EA026DA11}"
EndProject
Project("{9A19103F-16F7-4668-BE54-9A1E7A4F7556}") = "SmartHomeSystem.Tests", "SmartHomeSystem.Tests\SmartHomeSystem.Tests.csproj", "{1A8EDA92-BA26-4EE0-87CB-E208EE1E0B3B}"
EndProject
Global
	GlobalSection(SolutionConfigurationPlatforms) = preSolution
		Debug|Any CPU = Debug|Any CPU
		Release|Any CPU = Release|Any CPU
	EndGlobalSection
	GlobalSection(ProjectConfigurationPlatforms) = postSolution
		{B2A76448-DFC0-4E6C-95AA-F93EA026DA11}.Debug|Any CPU.ActiveCfg = Debug|Any CPU
		{B2A76448-DFC0-4E6C-95AA-F93EA026DA11}.Debug|Any CPU.Build.0 = Debug|Any CPU
		{B2A76448-DFC0-4E6C-95AA-F93EA026DA11}.Release|Any CPU.ActiveCfg = Release|Any CPU
		{B2A76448-DFC0-4E6C-95AA-F93EA026DA11}.Release|Any CPU.Build.0 = Release|Any CPU
		{1A8EDA92-BA26-4EE0-87CB-E208EE1E0B3B}.Debug|Any CPU.ActiveCfg = Debug|Any CPU
		{1A8EDA92-BA26-4EE0-87CB-E208EE1E0B3B}.Debug|Any CPU.Build.0 = Debug|Any CPU
		{1A8EDA92-BA26-4EE0-87CB-E208EE1E0B3B}.Release|Any CPU.ActiveCfg = Release|Any CPU
		{1A8EDA92-BA26-4EE0-87CB-E208EE1E0B3B}.Release|Any CPU.Build.0 = Release|Any CPU
	EndGlobalSection
	GlobalSection(SolutionProperties) = preSolution
		HideSolutionNode = FALSE
	EndGlobalSection
	GlobalSection(ExtensibilityGlobals) = postSolution
		SolutionGuid = {7492CFDB-C601-4682-9DB0-F607832BB743}
	EndGlobalSection
EndGlobal
