
Microsoft Visual Studio Solution File, Format Version 12.00
# Visual Studio Version 17
VisualStudioVersion = 17.11.35303.130
MinimumVisualStudioVersion = 10.0.40219.1
Project("{FAE04EC0-301F-11D3-BF4B-00C04F79EFBC}") = "Pr2_2semestr", "Pr2_2semestr\Pr2_2semestr.csproj", "{7345A49C-C676-472A-A8A3-C30F89D2DC2C}"
EndProject
Global
	GlobalSection(SolutionConfigurationPlatforms) = preSolution
		Debug|Any CPU = Debug|Any CPU
		Release|Any CPU = Release|Any CPU
	EndGlobalSection
	GlobalSection(ProjectConfigurationPlatforms) = postSolution
		{7345A49C-C676-472A-A8A3-C30F89D2DC2C}.Debug|Any CPU.ActiveCfg = Debug|Any CPU
		{7345A49C-C676-472A-A8A3-C30F89D2DC2C}.Debug|Any CPU.Build.0 = Debug|Any CPU
		{7345A49C-C676-472A-A8A3-C30F89D2DC2C}.Release|Any CPU.ActiveCfg = Release|Any CPU
		{7345A49C-C676-472A-A8A3-C30F89D2DC2C}.Release|Any CPU.Build.0 = Release|Any CPU
	EndGlobalSection
	GlobalSection(SolutionProperties) = preSolution
		HideSolutionNode = FALSE
	EndGlobalSection
	GlobalSection(ExtensibilityGlobals) = postSolution
		SolutionGuid = {09FBFC9A-D11C-47A7-B262-5C81158E6880}
	EndGlobalSection
EndGlobal
