
Microsoft Visual Studio Solution File, Format Version 12.00
# Visual Studio Version 17
VisualStudioVersion = 17.11.35303.130
MinimumVisualStudioVersion = 10.0.40219.1
Project("{FAE04EC0-301F-11D3-BF4B-00C04F79EFBC}") = "Pr1.2_2semestr", "Pr1.2_2semestr\Pr1.2_2semestr.csproj", "{C6820233-3F94-4808-8CDA-CEE5F42FFEE5}"
EndProject
Global
	GlobalSection(SolutionConfigurationPlatforms) = preSolution
		Debug|Any CPU = Debug|Any CPU
		Release|Any CPU = Release|Any CPU
	EndGlobalSection
	GlobalSection(ProjectConfigurationPlatforms) = postSolution
		{C6820233-3F94-4808-8CDA-CEE5F42FFEE5}.Debug|Any CPU.ActiveCfg = Debug|Any CPU
		{C6820233-3F94-4808-8CDA-CEE5F42FFEE5}.Debug|Any CPU.Build.0 = Debug|Any CPU
		{C6820233-3F94-4808-8CDA-CEE5F42FFEE5}.Release|Any CPU.ActiveCfg = Release|Any CPU
		{C6820233-3F94-4808-8CDA-CEE5F42FFEE5}.Release|Any CPU.Build.0 = Release|Any CPU
	EndGlobalSection
	GlobalSection(SolutionProperties) = preSolution
		HideSolutionNode = FALSE
	EndGlobalSection
	GlobalSection(ExtensibilityGlobals) = postSolution
		SolutionGuid = {1D002F74-D606-44CB-A0B6-B9A71B6EA991}
	EndGlobalSection
EndGlobal
